
Microsoft Visual Studio Solution File, Format Version 12.00
# Visual Studio Version 17
VisualStudioVersion = 17.7.34031.279
MinimumVisualStudioVersion = 10.0.40219.1
Project("{9A19103F-16F7-4668-BE54-9A1E7A4F7556}") = "Sipay.Api", "Sipay.Api\Sipay.Api.csproj", "{E19C5800-8082-44EE-A6C6-9D06C882604E}"
EndProject
Project("{9A19103F-16F7-4668-BE54-9A1E7A4F7556}") = "Sipay.MVC", "Sipay.MVC\Sipay.MVC.csproj", "{33B2B2DE-58E2-493B-831B-A3A4B3C29A35}"
EndProject
Project("{9A19103F-16F7-4668-BE54-9A1E7A4F7556}") = "Entities", "Entities\Entities.csproj", "{D8E28F2B-E537-466F-BA69-93E398080B04}"
EndProject
Project("{9A19103F-16F7-4668-BE54-9A1E7A4F7556}") = "Core", "Core\Core.csproj", "{CBECFBE4-07B9-466F-81ED-1ABC09240C91}"
EndProject
Project("{FAE04EC0-301F-11D3-BF4B-00C04F79EFBC}") = "DataAccess", "DataAccess\DataAccess.csproj", "{E537C165-84B7-462E-8FBA-A626D6316C37}"
EndProject
Project("{FAE04EC0-301F-11D3-BF4B-00C04F79EFBC}") = "Business", "Business\Business.csproj", "{E0B54792-4F2A-4E15-A046-F0EE4E744BAE}"
EndProject
Global
	GlobalSection(SolutionConfigurationPlatforms) = preSolution
		Debug|Any CPU = Debug|Any CPU
		Release|Any CPU = Release|Any CPU
	EndGlobalSection
	GlobalSection(ProjectConfigurationPlatforms) = postSolution
		{E19C5800-8082-44EE-A6C6-9D06C882604E}.Debug|Any CPU.ActiveCfg = Debug|Any CPU
		{E19C5800-8082-44EE-A6C6-9D06C882604E}.Debug|Any CPU.Build.0 = Debug|Any CPU
		{E19C5800-8082-44EE-A6C6-9D06C882604E}.Release|Any CPU.ActiveCfg = Release|Any CPU
		{E19C5800-8082-44EE-A6C6-9D06C882604E}.Release|Any CPU.Build.0 = Release|Any CPU
		{33B2B2DE-58E2-493B-831B-A3A4B3C29A35}.Debug|Any CPU.ActiveCfg = Debug|Any CPU
		{33B2B2DE-58E2-493B-831B-A3A4B3C29A35}.Debug|Any CPU.Build.0 = Debug|Any CPU
		{33B2B2DE-58E2-493B-831B-A3A4B3C29A35}.Release|Any CPU.ActiveCfg = Release|Any CPU
		{33B2B2DE-58E2-493B-831B-A3A4B3C29A35}.Release|Any CPU.Build.0 = Release|Any CPU
		{D8E28F2B-E537-466F-BA69-93E398080B04}.Debug|Any CPU.ActiveCfg = Debug|Any CPU
		{D8E28F2B-E537-466F-BA69-93E398080B04}.Debug|Any CPU.Build.0 = Debug|Any CPU
		{D8E28F2B-E537-466F-BA69-93E398080B04}.Release|Any CPU.ActiveCfg = Release|Any CPU
		{D8E28F2B-E537-466F-BA69-93E398080B04}.Release|Any CPU.Build.0 = Release|Any CPU
		{CBECFBE4-07B9-466F-81ED-1ABC09240C91}.Debug|Any CPU.ActiveCfg = Debug|Any CPU
		{CBECFBE4-07B9-466F-81ED-1ABC09240C91}.Debug|Any CPU.Build.0 = Debug|Any CPU
		{CBECFBE4-07B9-466F-81ED-1ABC09240C91}.Release|Any CPU.ActiveCfg = Release|Any CPU
		{CBECFBE4-07B9-466F-81ED-1ABC09240C91}.Release|Any CPU.Build.0 = Release|Any CPU
		{E537C165-84B7-462E-8FBA-A626D6316C37}.Debug|Any CPU.ActiveCfg = Debug|Any CPU
		{E537C165-84B7-462E-8FBA-A626D6316C37}.Debug|Any CPU.Build.0 = Debug|Any CPU
		{E537C165-84B7-462E-8FBA-A626D6316C37}.Release|Any CPU.ActiveCfg = Release|Any CPU
		{E537C165-84B7-462E-8FBA-A626D6316C37}.Release|Any CPU.Build.0 = Release|Any CPU
		{E0B54792-4F2A-4E15-A046-F0EE4E744BAE}.Debug|Any CPU.ActiveCfg = Debug|Any CPU
		{E0B54792-4F2A-4E15-A046-F0EE4E744BAE}.Debug|Any CPU.Build.0 = Debug|Any CPU
		{E0B54792-4F2A-4E15-A046-F0EE4E744BAE}.Release|Any CPU.ActiveCfg = Release|Any CPU
		{E0B54792-4F2A-4E15-A046-F0EE4E744BAE}.Release|Any CPU.Build.0 = Release|Any CPU
	EndGlobalSection
	GlobalSection(SolutionProperties) = preSolution
		HideSolutionNode = FALSE
	EndGlobalSection
	GlobalSection(ExtensibilityGlobals) = postSolution
		SolutionGuid = {8B191636-B404-4A56-8E76-6156BA0133F5}
	EndGlobalSection
EndGlobal
